
Microsoft Visual Studio Solution File, Format Version 12.00
# Visual Studio 2012
Project("{FAE04EC0-301F-11D3-BF4B-00C04F79EFBC}") = "CodeBuilder", "CodeBuilder\CodeBuilder.csproj", "{E380D48E-1E1C-4323-AC49-EE1BF1B908D1}"
EndProject
Project("{FAE04EC0-301F-11D3-BF4B-00C04F79EFBC}") = "FileCreate", "FileCreate\FileCreate.csproj", "{B708DAD2-0355-46E2-B428-E2950A0BA49C}"
EndProject
Project("{FAE04EC0-301F-11D3-BF4B-00C04F79EFBC}") = "DbObjects", "DbObject\DbObjects.csproj", "{DE024517-2FCC-45E7-9202-710EED1CF5A3}"
	ProjectSection(ProjectDependencies) = postProject
		{CBE47089-9D43-4943-A388-5192953C40C4} = {CBE47089-9D43-4943-A388-5192953C40C4}
	EndProjectSection
EndProject
Project("{FAE04EC0-301F-11D3-BF4B-00C04F79EFBC}") = "CodeHelper", "CodeHelper\CodeHelper.csproj", "{CBE47089-9D43-4943-A388-5192953C40C4}"
EndProject
Project("{FAE04EC0-301F-11D3-BF4B-00C04F79EFBC}") = "CmConfig", "CmConfig\CmConfig.csproj", "{DC4F125A-E712-438E-B15E-76C3629E0E53}"
EndProject
Project("{FAE04EC0-301F-11D3-BF4B-00C04F79EFBC}") = "TempCreate", "TempCreate\TempCreate.csproj", "{2D430B58-D4B5-49FD-86F9-5B19C9CEE9AE}"
EndProject
Global
	GlobalSection(SolutionConfigurationPlatforms) = preSolution
		CD_ROM|Any CPU = CD_ROM|Any CPU
		Debug|Any CPU = Debug|Any CPU
		DVD-5|Any CPU = DVD-5|Any CPU
		Release|Any CPU = Release|Any CPU
		SingleImage|Any CPU = SingleImage|Any CPU
	EndGlobalSection
	GlobalSection(ProjectConfigurationPlatforms) = postSolution
		{E380D48E-1E1C-4323-AC49-EE1BF1B908D1}.CD_ROM|Any CPU.ActiveCfg = Release|Any CPU
		{E380D48E-1E1C-4323-AC49-EE1BF1B908D1}.CD_ROM|Any CPU.Build.0 = Release|Any CPU
		{E380D48E-1E1C-4323-AC49-EE1BF1B908D1}.Debug|Any CPU.ActiveCfg = Debug|Any CPU
		{E380D48E-1E1C-4323-AC49-EE1BF1B908D1}.Debug|Any CPU.Build.0 = Debug|Any CPU
		{E380D48E-1E1C-4323-AC49-EE1BF1B908D1}.DVD-5|Any CPU.ActiveCfg = Debug|Any CPU
		{E380D48E-1E1C-4323-AC49-EE1BF1B908D1}.DVD-5|Any CPU.Build.0 = Debug|Any CPU
		{E380D48E-1E1C-4323-AC49-EE1BF1B908D1}.Release|Any CPU.ActiveCfg = Release|Any CPU
		{E380D48E-1E1C-4323-AC49-EE1BF1B908D1}.Release|Any CPU.Build.0 = Release|Any CPU
		{E380D48E-1E1C-4323-AC49-EE1BF1B908D1}.SingleImage|Any CPU.ActiveCfg = Release|Any CPU
		{E380D48E-1E1C-4323-AC49-EE1BF1B908D1}.SingleImage|Any CPU.Build.0 = Release|Any CPU
		{B708DAD2-0355-46E2-B428-E2950A0BA49C}.CD_ROM|Any CPU.ActiveCfg = Release|Any CPU
		{B708DAD2-0355-46E2-B428-E2950A0BA49C}.CD_ROM|Any CPU.Build.0 = Release|Any CPU
		{B708DAD2-0355-46E2-B428-E2950A0BA49C}.Debug|Any CPU.ActiveCfg = Debug|Any CPU
		{B708DAD2-0355-46E2-B428-E2950A0BA49C}.Debug|Any CPU.Build.0 = Debug|Any CPU
		{B708DAD2-0355-46E2-B428-E2950A0BA49C}.DVD-5|Any CPU.ActiveCfg = Debug|Any CPU
		{B708DAD2-0355-46E2-B428-E2950A0BA49C}.DVD-5|Any CPU.Build.0 = Debug|Any CPU
		{B708DAD2-0355-46E2-B428-E2950A0BA49C}.Release|Any CPU.ActiveCfg = Release|Any CPU
		{B708DAD2-0355-46E2-B428-E2950A0BA49C}.Release|Any CPU.Build.0 = Release|Any CPU
		{B708DAD2-0355-46E2-B428-E2950A0BA49C}.SingleImage|Any CPU.ActiveCfg = Release|Any CPU
		{B708DAD2-0355-46E2-B428-E2950A0BA49C}.SingleImage|Any CPU.Build.0 = Release|Any CPU
		{DE024517-2FCC-45E7-9202-710EED1CF5A3}.CD_ROM|Any CPU.ActiveCfg = Release|Any CPU
		{DE024517-2FCC-45E7-9202-710EED1CF5A3}.CD_ROM|Any CPU.Build.0 = Release|Any CPU
		{DE024517-2FCC-45E7-9202-710EED1CF5A3}.Debug|Any CPU.ActiveCfg = Debug|Any CPU
		{DE024517-2FCC-45E7-9202-710EED1CF5A3}.Debug|Any CPU.Build.0 = Debug|Any CPU
		{DE024517-2FCC-45E7-9202-710EED1CF5A3}.DVD-5|Any CPU.ActiveCfg = Debug|Any CPU
		{DE024517-2FCC-45E7-9202-710EED1CF5A3}.DVD-5|Any CPU.Build.0 = Debug|Any CPU
		{DE024517-2FCC-45E7-9202-710EED1CF5A3}.Release|Any CPU.ActiveCfg = Release|Any CPU
		{DE024517-2FCC-45E7-9202-710EED1CF5A3}.Release|Any CPU.Build.0 = Release|Any CPU
		{DE024517-2FCC-45E7-9202-710EED1CF5A3}.SingleImage|Any CPU.ActiveCfg = Release|Any CPU
		{DE024517-2FCC-45E7-9202-710EED1CF5A3}.SingleImage|Any CPU.Build.0 = Release|Any CPU
		{CBE47089-9D43-4943-A388-5192953C40C4}.CD_ROM|Any CPU.ActiveCfg = Release|Any CPU
		{CBE47089-9D43-4943-A388-5192953C40C4}.CD_ROM|Any CPU.Build.0 = Release|Any CPU
		{CBE47089-9D43-4943-A388-5192953C40C4}.Debug|Any CPU.ActiveCfg = Debug|Any CPU
		{CBE47089-9D43-4943-A388-5192953C40C4}.Debug|Any CPU.Build.0 = Debug|Any CPU
		{CBE47089-9D43-4943-A388-5192953C40C4}.DVD-5|Any CPU.ActiveCfg = Debug|Any CPU
		{CBE47089-9D43-4943-A388-5192953C40C4}.DVD-5|Any CPU.Build.0 = Debug|Any CPU
		{CBE47089-9D43-4943-A388-5192953C40C4}.Release|Any CPU.ActiveCfg = Release|Any CPU
		{CBE47089-9D43-4943-A388-5192953C40C4}.Release|Any CPU.Build.0 = Release|Any CPU
		{CBE47089-9D43-4943-A388-5192953C40C4}.SingleImage|Any CPU.ActiveCfg = Release|Any CPU
		{CBE47089-9D43-4943-A388-5192953C40C4}.SingleImage|Any CPU.Build.0 = Release|Any CPU
		{DC4F125A-E712-438E-B15E-76C3629E0E53}.CD_ROM|Any CPU.ActiveCfg = Release|Any CPU
		{DC4F125A-E712-438E-B15E-76C3629E0E53}.CD_ROM|Any CPU.Build.0 = Release|Any CPU
		{DC4F125A-E712-438E-B15E-76C3629E0E53}.Debug|Any CPU.ActiveCfg = Debug|Any CPU
		{DC4F125A-E712-438E-B15E-76C3629E0E53}.Debug|Any CPU.Build.0 = Debug|Any CPU
		{DC4F125A-E712-438E-B15E-76C3629E0E53}.DVD-5|Any CPU.ActiveCfg = Debug|Any CPU
		{DC4F125A-E712-438E-B15E-76C3629E0E53}.DVD-5|Any CPU.Build.0 = Debug|Any CPU
		{DC4F125A-E712-438E-B15E-76C3629E0E53}.Release|Any CPU.ActiveCfg = Release|Any CPU
		{DC4F125A-E712-438E-B15E-76C3629E0E53}.Release|Any CPU.Build.0 = Release|Any CPU
		{DC4F125A-E712-438E-B15E-76C3629E0E53}.SingleImage|Any CPU.ActiveCfg = Release|Any CPU
		{DC4F125A-E712-438E-B15E-76C3629E0E53}.SingleImage|Any CPU.Build.0 = Release|Any CPU
		{2D430B58-D4B5-49FD-86F9-5B19C9CEE9AE}.CD_ROM|Any CPU.ActiveCfg = Release|Any CPU
		{2D430B58-D4B5-49FD-86F9-5B19C9CEE9AE}.CD_ROM|Any CPU.Build.0 = Release|Any CPU
		{2D430B58-D4B5-49FD-86F9-5B19C9CEE9AE}.Debug|Any CPU.ActiveCfg = Debug|Any CPU
		{2D430B58-D4B5-49FD-86F9-5B19C9CEE9AE}.Debug|Any CPU.Build.0 = Debug|Any CPU
		{2D430B58-D4B5-49FD-86F9-5B19C9CEE9AE}.DVD-5|Any CPU.ActiveCfg = Debug|Any CPU
		{2D430B58-D4B5-49FD-86F9-5B19C9CEE9AE}.DVD-5|Any CPU.Build.0 = Debug|Any CPU
		{2D430B58-D4B5-49FD-86F9-5B19C9CEE9AE}.Release|Any CPU.ActiveCfg = Release|Any CPU
		{2D430B58-D4B5-49FD-86F9-5B19C9CEE9AE}.Release|Any CPU.Build.0 = Release|Any CPU
		{2D430B58-D4B5-49FD-86F9-5B19C9CEE9AE}.SingleImage|Any CPU.ActiveCfg = Release|Any CPU
		{2D430B58-D4B5-49FD-86F9-5B19C9CEE9AE}.SingleImage|Any CPU.Build.0 = Release|Any CPU
	EndGlobalSection
	GlobalSection(SolutionProperties) = preSolution
		HideSolutionNode = FALSE
	EndGlobalSection
EndGlobal
